{
  "name": "hermix",
  "version": "0.1.0",
  "lockfileVersion": 3,
  "requires": true,
  "packages": {
    "": {
      "name": "hermix",
      "version": "0.1.0",
      "workspaces": [
        "theme",
        "plugin"
      ]
    },
    "node_modules/hermix-theme": {
      "resolved": "theme",
      "link": true
    },
    "node_modules/nodebb-plugin-hermix": {
      "resolved": "plugin",
      "link": true
    },
    "plugin": {
      "name": "nodebb-plugin-hermix",
      "version": "0.1.0"
    },
    "theme": {
      "name": "hermix-theme",
      "version": "0.1.0"
    }
  }
}
